// !$*UTF8*$!
{
	archiveVersion = 1;
	classes = {
	};
	objectVersion = 50;
	objects = {

/* Begin PBXBuildFile section */
		1A9A646E23F5879C002D66D7 /* AppDelegate.swift in Sources */ = {isa = PBXBuildFile; fileRef = 1A9A646D23F5879C002D66D7 /* AppDelegate.swift */; };
		1A9A647023F5879C002D66D7 /* SceneDelegate.swift in Sources */ = {isa = PBXBuildFile; fileRef = 1A9A646F23F5879C002D66D7 /* SceneDelegate.swift */; };
		1A9A647223F5879C002D66D7 /* ContentView.swift in Sources */ = {isa = PBXBuildFile; fileRef = 1A9A647123F5879C002D66D7 /* ContentView.swift */; };
		1A9A647423F587A1002D66D7 /* Assets.xcassets in Resources */ = {isa = PBXBuildFile; fileRef = 1A9A647323F587A1002D66D7 /* Assets.xcassets */; };
		1A9A647723F587A1002D66D7 /* Preview Assets.xcassets in Resources */ = {isa = PBXBuildFile; fileRef = 1A9A647623F587A1002D66D7 /* Preview Assets.xcassets */; };
		1A9A647A23F587A1002D66D7 /* LaunchScreen.storyboard in Resources */ = {isa = PBXBuildFile; fileRef = 1A9A647823F587A1002D66D7 /* LaunchScreen.storyboard */; };
		1A9A649123F5885B002D66D7 /* ClockView.swift in Sources */ = {isa = PBXBuildFile; fileRef = 1A9A649023F5885B002D66D7 /* ClockView.swift */; };
		1A9A649323F6991E002D66D7 /* TimeModel.swift in Sources */ = {isa = PBXBuildFile; fileRef = 1A9A649223F6991E002D66D7 /* TimeModel.swift */; };
		1AA23D7B243E003E006FB0D2 /* TimeModelTests.swift in Sources */ = {isa = PBXBuildFile; fileRef = 1AA23D7A243E003E006FB0D2 /* TimeModelTests.swift */; };
		1AF8F238243DBF940082D567 /* DisplayLink.swift in Sources */ = {isa = PBXBuildFile; fileRef = 1AF8F236243DBF940082D567 /* DisplayLink.swift */; };
		1AF8F239243DBF940082D567 /* OnFrame.swift in Sources */ = {isa = PBXBuildFile; fileRef = 1AF8F237243DBF940082D567 /* OnFrame.swift */; };
/* End PBXBuildFile section */

/* Begin PBXContainerItemProxy section */
		1AA23D74243E001D006FB0D2 /* PBXContainerItemProxy */ = {
			isa = PBXContainerItemProxy;
			containerPortal = 1A9A646223F5879C002D66D7 /* Project object */;
			proxyType = 1;
			remoteGlobalIDString = 1A9A646923F5879C002D66D7;
			remoteInfo = TimeApp;
		};
/* End PBXContainerItemProxy section */

/* Begin PBXFileReference section */
		1A9A646A23F5879C002D66D7 /* TimeApp.app */ = {isa = PBXFileReference; explicitFileType = wrapper.application; includeInIndex = 0; path = TimeApp.app; sourceTree = BUILT_PRODUCTS_DIR; };
		1A9A646D23F5879C002D66D7 /* AppDelegate.swift */ = {isa = PBXFileReference; lastKnownFileType = sourcecode.swift; path = AppDelegate.swift; sourceTree = "<group>"; };
		1A9A646F23F5879C002D66D7 /* SceneDelegate.swift */ = {isa = PBXFileReference; lastKnownFileType = sourcecode.swift; path = SceneDelegate.swift; sourceTree = "<group>"; };
		1A9A647123F5879C002D66D7 /* ContentView.swift */ = {isa = PBXFileReference; lastKnownFileType = sourcecode.swift; path = ContentView.swift; sourceTree = "<group>"; };
		1A9A647323F587A1002D66D7 /* Assets.xcassets */ = {isa = PBXFileReference; lastKnownFileType = folder.assetcatalog; path = Assets.xcassets; sourceTree = "<group>"; };
		1A9A647623F587A1002D66D7 /* Preview Assets.xcassets */ = {isa = PBXFileReference; lastKnownFileType = folder.assetcatalog; path = "Preview Assets.xcassets"; sourceTree = "<group>"; };
		1A9A647923F587A1002D66D7 /* Base */ = {isa = PBXFileReference; lastKnownFileType = file.storyboard; name = Base; path = Base.lproj/LaunchScreen.storyboard; sourceTree = "<group>"; };
		1A9A647B23F587A1002D66D7 /* Info.plist */ = {isa = PBXFileReference; lastKnownFileType = text.plist.xml; path = Info.plist; sourceTree = "<group>"; };
		1A9A649023F5885B002D66D7 /* ClockView.swift */ = {isa = PBXFileReference; lastKnownFileType = sourcecode.swift; path = ClockView.swift; sourceTree = "<group>"; };
		1A9A649223F6991E002D66D7 /* TimeModel.swift */ = {isa = PBXFileReference; lastKnownFileType = sourcecode.swift; path = TimeModel.swift; sourceTree = "<group>"; };
		1AA23D6F243E001C006FB0D2 /* TimeAppTests.xctest */ = {isa = PBXFileReference; explicitFileType = wrapper.cfbundle; includeInIndex = 0; path = TimeAppTests.xctest; sourceTree = BUILT_PRODUCTS_DIR; };
		1AA23D73243E001D006FB0D2 /* Info.plist */ = {isa = PBXFileReference; lastKnownFileType = text.plist.xml; path = Info.plist; sourceTree = "<group>"; };
		1AA23D7A243E003E006FB0D2 /* TimeModelTests.swift */ = {isa = PBXFileReference; lastKnownFileType = sourcecode.swift; path = TimeModelTests.swift; sourceTree = "<group>"; };
		1AF8F236243DBF940082D567 /* DisplayLink.swift */ = {isa = PBXFileReference; fileEncoding = 4; lastKnownFileType = sourcecode.swift; path = DisplayLink.swift; sourceTree = "<group>"; };
		1AF8F237243DBF940082D567 /* OnFrame.swift */ = {isa = PBXFileReference; fileEncoding = 4; lastKnownFileType = sourcecode.swift; path = OnFrame.swift; sourceTree = "<group>"; };
/* End PBXFileReference section */

/* Begin PBXFrameworksBuildPhase section */
		1A9A646723F5879C002D66D7 /* Frameworks */ = {
			isa = PBXFrameworksBuildPhase;
			buildActionMask = 2147483647;
			files = (
			);
			runOnlyForDeploymentPostprocessing = 0;
		};
		1AA23D6C243E001C006FB0D2 /* Frameworks */ = {
			isa = PBXFrameworksBuildPhase;
			buildActionMask = 2147483647;
			files = (
			);
			runOnlyForDeploymentPostprocessing = 0;
		};
/* End PBXFrameworksBuildPhase section */

/* Begin PBXGroup section */
		1A9A646123F5879C002D66D7 = {
			isa = PBXGroup;
			children = (
				1A9A646C23F5879C002D66D7 /* TimeApp */,
				1AA23D70243E001D006FB0D2 /* TimeAppTests */,
				1A9A646B23F5879C002D66D7 /* Products */,
			);
			sourceTree = "<group>";
		};
		1A9A646B23F5879C002D66D7 /* Products */ = {
			isa = PBXGroup;
			children = (
				1A9A646A23F5879C002D66D7 /* TimeApp.app */,
				1AA23D6F243E001C006FB0D2 /* TimeAppTests.xctest */,
			);
			name = Products;
			sourceTree = "<group>";
		};
		1A9A646C23F5879C002D66D7 /* TimeApp */ = {
			isa = PBXGroup;
			children = (
				1AF8F234243DBF7C0082D567 /* Helpers */,
				1A9A648F23F58819002D66D7 /* Clock */,
				1A9A646D23F5879C002D66D7 /* AppDelegate.swift */,
				1A9A646F23F5879C002D66D7 /* SceneDelegate.swift */,
				1A9A647123F5879C002D66D7 /* ContentView.swift */,
				1A9A647323F587A1002D66D7 /* Assets.xcassets */,
				1A9A647823F587A1002D66D7 /* LaunchScreen.storyboard */,
				1A9A647B23F587A1002D66D7 /* Info.plist */,
				1A9A647523F587A1002D66D7 /* Preview Content */,
			);
			path = TimeApp;
			sourceTree = "<group>";
		};
		1A9A647523F587A1002D66D7 /* Preview Content */ = {
			isa = PBXGroup;
			children = (
				1A9A647623F587A1002D66D7 /* Preview Assets.xcassets */,
			);
			path = "Preview Content";
			sourceTree = "<group>";
		};
		1A9A648F23F58819002D66D7 /* Clock */ = {
			isa = PBXGroup;
			children = (
				1A9A649023F5885B002D66D7 /* ClockView.swift */,
				1A9A649223F6991E002D66D7 /* TimeModel.swift */,
			);
			path = Clock;
			sourceTree = "<group>";
		};
		1AA23D70243E001D006FB0D2 /* TimeAppTests */ = {
			isa = PBXGroup;
			children = (
				1AA23D73243E001D006FB0D2 /* Info.plist */,
				1AA23D7A243E003E006FB0D2 /* TimeModelTests.swift */,
			);
			path = TimeAppTests;
			sourceTree = "<group>";
		};
		1AF8F234243DBF7C0082D567 /* Helpers */ = {
			isa = PBXGroup;
			children = (
				1AF8F235243DBF880082D567 /* DisplayLink */,
			);
			path = Helpers;
			sourceTree = "<group>";
		};
		1AF8F235243DBF880082D567 /* DisplayLink */ = {
			isa = PBXGroup;
			children = (
				1AF8F236243DBF940082D567 /* DisplayLink.swift */,
				1AF8F237243DBF940082D567 /* OnFrame.swift */,
			);
			path = DisplayLink;
			sourceTree = "<group>";
		};
/* End PBXGroup section */

/* Begin PBXNativeTarget section */
		1A9A646923F5879C002D66D7 /* TimeApp */ = {
			isa = PBXNativeTarget;
			buildConfigurationList = 1A9A648923F587A1002D66D7 /* Build configuration list for PBXNativeTarget "TimeApp" */;
			buildPhases = (
				1A9A646623F5879C002D66D7 /* Sources */,
				1A9A646723F5879C002D66D7 /* Frameworks */,
				1A9A646823F5879C002D66D7 /* Resources */,
			);
			buildRules = (
			);
			dependencies = (
			);
			name = TimeApp;
			productName = "time app";
			productReference = 1A9A646A23F5879C002D66D7 /* TimeApp.app */;
			productType = "com.apple.product-type.application";
		};
		1AA23D6E243E001C006FB0D2 /* TimeAppTests */ = {
			isa = PBXNativeTarget;
			buildConfigurationList = 1AA23D76243E001D006FB0D2 /* Build configuration list for PBXNativeTarget "TimeAppTests" */;
			buildPhases = (
				1AA23D6B243E001C006FB0D2 /* Sources */,
				1AA23D6C243E001C006FB0D2 /* Frameworks */,
				1AA23D6D243E001C006FB0D2 /* Resources */,
			);
			buildRules = (
			);
			dependencies = (
				1AA23D75243E001D006FB0D2 /* PBXTargetDependency */,
			);
			name = TimeAppTests;
			productName = TimeAppTests;
			productReference = 1AA23D6F243E001C006FB0D2 /* TimeAppTests.xctest */;
			productType = "com.apple.product-type.bundle.unit-test";
		};
/* End PBXNativeTarget section */

/* Begin PBXProject section */
		1A9A646223F5879C002D66D7 /* Project object */ = {
			isa = PBXProject;
			attributes = {
				LastSwiftUpdateCheck = 1140;
				LastUpgradeCheck = 1130;
				ORGANIZATIONNAME = "Radoslav Blasko";
				TargetAttributes = {
					1A9A646923F5879C002D66D7 = {
						CreatedOnToolsVersion = 11.3.1;
					};
					1AA23D6E243E001C006FB0D2 = {
						CreatedOnToolsVersion = 11.4;
						LastSwiftMigration = 1140;
						TestTargetID = 1A9A646923F5879C002D66D7;
					};
				};
			};
			buildConfigurationList = 1A9A646523F5879C002D66D7 /* Build configuration list for PBXProject "TimeApp" */;
			compatibilityVersion = "Xcode 9.3";
			developmentRegion = en;
			hasScannedForEncodings = 0;
			knownRegions = (
				en,
				Base,
			);
			mainGroup = 1A9A646123F5879C002D66D7;
			productRefGroup = 1A9A646B23F5879C002D66D7 /* Products */;
			projectDirPath = "";
			projectRoot = "";
			targets = (
				1A9A646923F5879C002D66D7 /* TimeApp */,
				1AA23D6E243E001C006FB0D2 /* TimeAppTests */,
			);
		};
/* End PBXProject section */

/* Begin PBXResourcesBuildPhase section */
		1A9A646823F5879C002D66D7 /* Resources */ = {
			isa = PBXResourcesBuildPhase;
			buildActionMask = 2147483647;
			files = (
				1A9A647A23F587A1002D66D7 /* LaunchScreen.storyboard in Resources */,
				1A9A647723F587A1002D66D7 /* Preview Assets.xcassets in Resources */,
				1A9A647423F587A1002D66D7 /* Assets.xcassets in Resources */,
			);
			runOnlyForDeploymentPostprocessing = 0;
		};
		1AA23D6D243E001C006FB0D2 /* Resources */ = {
			isa = PBXResourcesBuildPhase;
			buildActionMask = 2147483647;
			files = (
			);
			runOnlyForDeploymentPostprocessing = 0;
		};
/* End PBXResourcesBuildPhase section */

/* Begin PBXSourcesBuildPhase section */
		1A9A646623F5879C002D66D7 /* Sources */ = {
			isa = PBXSourcesBuildPhase;
			buildActionMask = 2147483647;
			files = (
				1A9A646E23F5879C002D66D7 /* AppDelegate.swift in Sources */,
				1A9A649123F5885B002D66D7 /* ClockView.swift in Sources */,
				1AF8F239243DBF940082D567 /* OnFrame.swift in Sources */,
				1A9A647023F5879C002D66D7 /* SceneDelegate.swift in Sources */,
				1A9A647223F5879C002D66D7 /* ContentView.swift in Sources */,
				1AF8F238243DBF940082D567 /* DisplayLink.swift in Sources */,
				1A9A649323F6991E002D66D7 /* TimeModel.swift in Sources */,
			);
			runOnlyForDeploymentPostprocessing = 0;
		};
		1AA23D6B243E001C006FB0D2 /* Sources */ = {
			isa = PBXSourcesBuildPhase;
			buildActionMask = 2147483647;
			files = (
				1AA23D7B243E003E006FB0D2 /* TimeModelTests.swift in Sources */,
			);
			runOnlyForDeploymentPostprocessing = 0;
		};
/* End PBXSourcesBuildPhase section */

/* Begin PBXTargetDependency section */
		1AA23D75243E001D006FB0D2 /* PBXTargetDependency */ = {
			isa = PBXTargetDependency;
			target = 1A9A646923F5879C002D66D7 /* TimeApp */;
			targetProxy = 1AA23D74243E001D006FB0D2 /* PBXContainerItemProxy */;
		};
/* End PBXTargetDependency section */

/* Begin PBXVariantGroup section */
		1A9A647823F587A1002D66D7 /* LaunchScreen.storyboard */ = {
			isa = PBXVariantGroup;
			children = (
				1A9A647923F587A1002D66D7 /* Base */,
			);
			name = LaunchScreen.storyboard;
			sourceTree = "<group>";
		};
/* End PBXVariantGroup section */

/* Begin XCBuildConfiguration section */
		1A9A648723F587A1002D66D7 /* Debug */ = {
			isa = XCBuildConfiguration;
			buildSettings = {
				ALWAYS_SEARCH_USER_PATHS = NO;
				CLANG_ANALYZER_NONNULL = YES;
				CLANG_ANALYZER_NUMBER_OBJECT_CONVERSION = YES_AGGRESSIVE;
				CLANG_CXX_LANGUAGE_STANDARD = "gnu++14";
				CLANG_CXX_LIBRARY = "libc++";
				CLANG_ENABLE_MODULES = YES;
				CLANG_ENABLE_OBJC_ARC = YES;
				CLANG_ENABLE_OBJC_WEAK = YES;
				CLANG_WARN_BLOCK_CAPTURE_AUTORELEASING = YES;
				CLANG_WARN_BOOL_CONVERSION = YES;
				CLANG_WARN_COMMA = YES;
				CLANG_WARN_CONSTANT_CONVERSION = YES;
				CLANG_WARN_DEPRECATED_OBJC_IMPLEMENTATIONS = YES;
				CLANG_WARN_DIRECT_OBJC_ISA_USAGE = YES_ERROR;
				CLANG_WARN_DOCUMENTATION_COMMENTS = YES;
				CLANG_WARN_EMPTY_BODY = YES;
				CLANG_WARN_ENUM_CONVERSION = YES;
				CLANG_WARN_INFINITE_RECURSION = YES;
				CLANG_WARN_INT_CONVERSION = YES;
				CLANG_WARN_NON_LITERAL_NULL_CONVERSION = YES;
				CLANG_WARN_OBJC_IMPLICIT_RETAIN_SELF = YES;
				CLANG_WARN_OBJC_LITERAL_CONVERSION = YES;
				CLANG_WARN_OBJC_ROOT_CLASS = YES_ERROR;
				CLANG_WARN_RANGE_LOOP_ANALYSIS = YES;
				CLANG_WARN_STRICT_PROTOTYPES = YES;
				CLANG_WARN_SUSPICIOUS_MOVE = YES;
				CLANG_WARN_UNGUARDED_AVAILABILITY = YES_AGGRESSIVE;
				CLANG_WARN_UNREACHABLE_CODE = YES;
				CLANG_WARN__DUPLICATE_METHOD_MATCH = YES;
				COPY_PHASE_STRIP = NO;
				DEBUG_INFORMATION_FORMAT = dwarf;
				ENABLE_STRICT_OBJC_MSGSEND = YES;
				ENABLE_TESTABILITY = YES;
				GCC_C_LANGUAGE_STANDARD = gnu11;
				GCC_DYNAMIC_NO_PIC = NO;
				GCC_NO_COMMON_BLOCKS = YES;
				GCC_OPTIMIZATION_LEVEL = 0;
				GCC_PREPROCESSOR_DEFINITIONS = (
					"DEBUG=1",
					"$(inherited)",
				);
				GCC_WARN_64_TO_32_BIT_CONVERSION = YES;
				GCC_WARN_ABOUT_RETURN_TYPE = YES_ERROR;
				GCC_WARN_UNDECLARED_SELECTOR = YES;
				GCC_WARN_UNINITIALIZED_AUTOS = YES_AGGRESSIVE;
				GCC_WARN_UNUSED_FUNCTION = YES;
				GCC_WARN_UNUSED_VARIABLE = YES;
				IPHONEOS_DEPLOYMENT_TARGET = 13.0;
				MTL_ENABLE_DEBUG_INFO = INCLUDE_SOURCE;
				MTL_FAST_MATH = YES;
				ONLY_ACTIVE_ARCH = YES;
				SDKROOT = iphoneos;
				SWIFT_ACTIVE_COMPILATION_CONDITIONS = DEBUG;
				SWIFT_OPTIMIZATION_LEVEL = "-Onone";
			};
			name = Debug;
		};
		1A9A648823F587A1002D66D7 /* Release */ = {
			isa = XCBuildConfiguration;
			buildSettings = {
				ALWAYS_SEARCH_USER_PATHS = NO;
				CLANG_ANALYZER_NONNULL = YES;
				CLANG_ANALYZER_NUMBER_OBJECT_CONVERSION = YES_AGGRESSIVE;
				CLANG_CXX_LANGUAGE_STANDARD = "gnu++14";
				CLANG_CXX_LIBRARY = "libc++";
				CLANG_ENABLE_MODULES = YES;
				CLANG_ENABLE_OBJC_ARC = YES;
				CLANG_ENABLE_OBJC_WEAK = YES;
				CLANG_WARN_BLOCK_CAPTURE_AUTORELEASING = YES;
				CLANG_WARN_BOOL_CONVERSION = YES;
				CLANG_WARN_COMMA = YES;
				CLANG_WARN_CONSTANT_CONVERSION = YES;
				CLANG_WARN_DEPRECATED_OBJC_IMPLEMENTATIONS = YES;
				CLANG_WARN_DIRECT_OBJC_ISA_USAGE = YES_ERROR;
				CLANG_WARN_DOCUMENTATION_COMMENTS = YES;
				CLANG_WARN_EMPTY_BODY = YES;
				CLANG_WARN_ENUM_CONVERSION = YES;
				CLANG_WARN_INFINITE_RECURSION = YES;
				CLANG_WARN_INT_CONVERSION = YES;
				CLANG_WARN_NON_LITERAL_NULL_CONVERSION = YES;
				CLANG_WARN_OBJC_IMPLICIT_RETAIN_SELF = YES;
				CLANG_WARN_OBJC_LITERAL_CONVERSION = YES;
				CLANG_WARN_OBJC_ROOT_CLASS = YES_ERROR;
				CLANG_WARN_RANGE_LOOP_ANALYSIS = YES;
				CLANG_WARN_STRICT_PROTOTYPES = YES;
				CLANG_WARN_SUSPICIOUS_MOVE = YES;
				CLANG_WARN_UNGUARDED_AVAILABILITY = YES_AGGRESSIVE;
				CLANG_WARN_UNREACHABLE_CODE = YES;
				CLANG_WARN__DUPLICATE_METHOD_MATCH = YES;
				COPY_PHASE_STRIP = NO;
				DEBUG_INFORMATION_FORMAT = "dwarf-with-dsym";
				ENABLE_NS_ASSERTIONS = NO;
				ENABLE_STRICT_OBJC_MSGSEND = YES;
				GCC_C_LANGUAGE_STANDARD = gnu11;
				GCC_NO_COMMON_BLOCKS = YES;
				GCC_WARN_64_TO_32_BIT_CONVERSION = YES;
				GCC_WARN_ABOUT_RETURN_TYPE = YES_ERROR;
				GCC_WARN_UNDECLARED_SELECTOR = YES;
				GCC_WARN_UNINITIALIZED_AUTOS = YES_AGGRESSIVE;
				GCC_WARN_UNUSED_FUNCTION = YES;
				GCC_WARN_UNUSED_VARIABLE = YES;
				IPHONEOS_DEPLOYMENT_TARGET = 13.0;
				MTL_ENABLE_DEBUG_INFO = NO;
				MTL_FAST_MATH = YES;
				SDKROOT = iphoneos;
				SWIFT_COMPILATION_MODE = wholemodule;
				SWIFT_OPTIMIZATION_LEVEL = "-O";
				VALIDATE_PRODUCT = YES;
			};
			name = Release;
		};
		1A9A648A23F587A1002D66D7 /* Debug */ = {
			isa = XCBuildConfiguration;
			buildSettings = {
				ASSETCATALOG_COMPILER_APPICON_NAME = AppIcon;
				CODE_SIGN_STYLE = Automatic;
				DEVELOPMENT_ASSET_PATHS = "\"TimeApp/Preview Content\"";
				DEVELOPMENT_TEAM = 623KFYEN4J;
				ENABLE_PREVIEWS = YES;
				INFOPLIST_FILE = TimeApp/Info.plist;
				IPHONEOS_DEPLOYMENT_TARGET = 13.0;
				LD_RUNPATH_SEARCH_PATHS = (
					"$(inherited)",
					"@executable_path/Frameworks",
				);
				PRODUCT_BUNDLE_IDENTIFIER = "com.radoslav.blasko.time-app";
				PRODUCT_NAME = "$(TARGET_NAME)";
				SWIFT_VERSION = 5.0;
				TARGETED_DEVICE_FAMILY = "1,2";
			};
			name = Debug;
		};
		1A9A648B23F587A1002D66D7 /* Release */ = {
			isa = XCBuildConfiguration;
			buildSettings = {
				ASSETCATALOG_COMPILER_APPICON_NAME = AppIcon;
				CODE_SIGN_STYLE = Automatic;
				DEVELOPMENT_ASSET_PATHS = "\"TimeApp/Preview Content\"";
				DEVELOPMENT_TEAM = 623KFYEN4J;
				ENABLE_PREVIEWS = YES;
				INFOPLIST_FILE = TimeApp/Info.plist;
				IPHONEOS_DEPLOYMENT_TARGET = 13.0;
				LD_RUNPATH_SEARCH_PATHS = (
					"$(inherited)",
					"@executable_path/Frameworks",
				);
				PRODUCT_BUNDLE_IDENTIFIER = "com.radoslav.blasko.time-app";
				PRODUCT_NAME = "$(TARGET_NAME)";
				SWIFT_VERSION = 5.0;
				TARGETED_DEVICE_FAMILY = "1,2";
			};
			name = Release;
		};
		1AA23D77243E001D006FB0D2 /* Debug */ = {
			isa = XCBuildConfiguration;
			buildSettings = {
				BUNDLE_LOADER = "$(TEST_HOST)";
				CLANG_ENABLE_MODULES = YES;
				CODE_SIGN_STYLE = Automatic;
				DEVELOPMENT_TEAM = 623KFYEN4J;
				INFOPLIST_FILE = TimeAppTests/Info.plist;
				IPHONEOS_DEPLOYMENT_TARGET = 13.4;
				LD_RUNPATH_SEARCH_PATHS = (
					"$(inherited)",
					"@executable_path/Frameworks",
					"@loader_path/Frameworks",
				);
				PRODUCT_BUNDLE_IDENTIFIER = com.radoslav.blasko.TimeAppTests;
				PRODUCT_NAME = "$(TARGET_NAME)";
				SWIFT_OPTIMIZATION_LEVEL = "-Onone";
				SWIFT_VERSION = 5.0;
				TARGETED_DEVICE_FAMILY = "1,2";
				TEST_HOST = "$(BUILT_PRODUCTS_DIR)/TimeApp.app/TimeApp";
			};
			name = Debug;
		};
		1AA23D78243E001D006FB0D2 /* Release */ = {
			isa = XCBuildConfiguration;
			buildSettings = {
				BUNDLE_LOADER = "$(TEST_HOST)";
				CLANG_ENABLE_MODULES = YES;
				CODE_SIGN_STYLE = Automatic;
				DEVELOPMENT_TEAM = 623KFYEN4J;
				INFOPLIST_FILE = TimeAppTests/Info.plist;
				IPHONEOS_DEPLOYMENT_TARGET = 13.4;
				LD_RUNPATH_SEARCH_PATHS = (
					"$(inherited)",
					"@executable_path/Frameworks",
					"@loader_path/Frameworks",
				);
				PRODUCT_BUNDLE_IDENTIFIER = com.radoslav.blasko.TimeAppTests;
				PRODUCT_NAME = "$(TARGET_NAME)";
				SWIFT_VERSION = 5.0;
				TARGETED_DEVICE_FAMILY = "1,2";
				TEST_HOST = "$(BUILT_PRODUCTS_DIR)/TimeApp.app/TimeApp";
			};
			name = Release;
		};
/* End XCBuildConfiguration section */

/* Begin XCConfigurationList section */
		1A9A646523F5879C002D66D7 /* Build configuration list for PBXProject "TimeApp" */ = {
			isa = XCConfigurationList;
			buildConfigurations = (
				1A9A648723F587A1002D66D7 /* Debug */,
				1A9A648823F587A1002D66D7 /* Release */,
			);
			defaultConfigurationIsVisible = 0;
			defaultConfigurationName = Release;
		};
		1A9A648923F587A1002D66D7 /* Build configuration list for PBXNativeTarget "TimeApp" */ = {
			isa = XCConfigurationList;
			buildConfigurations = (
				1A9A648A23F587A1002D66D7 /* Debug */,
				1A9A648B23F587A1002D66D7 /* Release */,
			);
			defaultConfigurationIsVisible = 0;
			defaultConfigurationName = Release;
		};
		1AA23D76243E001D006FB0D2 /* Build configuration list for PBXNativeTarget "TimeAppTests" */ = {
			isa = XCConfigurationList;
			buildConfigurations = (
				1AA23D77243E001D006FB0D2 /* Debug */,
				1AA23D78243E001D006FB0D2 /* Release */,
			);
			defaultConfigurationIsVisible = 0;
			defaultConfigurationName = Release;
		};
/* End XCConfigurationList section */
	};
	rootObject = 1A9A646223F5879C002D66D7 /* Project object */;
}
